dependencies:
- name: postgresql
  repository: https://charts.bitnami.com/bitnami
  version: 18.5.11
- name: mysql
  repository: https://charts.bitnami.com/bitnami
  version: 14.0.3
- name: common
  repository: oci://registry-1.docker.io/bitnamicharts
  version: 2.36.0
digest: sha256:fb421c920429c14bbf56a60f868984d408bd2fa51c3ff61a0bf43a0a672ca891
generated: "2026-03-23T05:48:51.422683732Z"
